// !$*UTF8*$!
{
	archiveVersion = 1;
	classes = {
	};
	objectVersion = 56;
	objects = {

/* Begin PBXBuildFile section */
		EBAB3EEC2BDC4C1900C3EA57 /* senseMEEApp.swift in Sources */ = {isa = PBXBuildFile; fileRef = EBAB3EEB2BDC4C1900C3EA57 /* senseMEEApp.swift */; };
		EBAB3EEE2BDC4C1900C3EA57 /* ContentView.swift in Sources */ = {isa = PBXBuildFile; fileRef = EBAB3EED2BDC4C1900C3EA57 /* ContentView.swift */; };
		EBAB3EF02BDC4C1A00C3EA57 /* Assets.xcassets in Resources */ = {isa = PBXBuildFile; fileRef = EBAB3EEF2BDC4C1A00C3EA57 /* Assets.xcassets */; };
		EBAB3EF32BDC4C1A00C3EA57 /* Preview Assets.xcassets in Resources */ = {isa = PBXBuildFile; fileRef = EBAB3EF22BDC4C1A00C3EA57 /* Preview Assets.xcassets */; };
		EBAB3EFD2BDC4C1A00C3EA57 /* senseMEETests.swift in Sources */ = {isa = PBXBuildFile; fileRef = EBAB3EFC2BDC4C1A00C3EA57 /* senseMEETests.swift */; };
		EBAB3F072BDC4C1A00C3EA57 /* senseMEEUITests.swift in Sources */ = {isa = PBXBuildFile; fileRef = EBAB3F062BDC4C1A00C3EA57 /* senseMEEUITests.swift */; };
		EBAB3F092BDC4C1A00C3EA57 /* senseMEEUITestsLaunchTests.swift in Sources */ = {isa = PBXBuildFile; fileRef = EBAB3F082BDC4C1A00C3EA57 /* senseMEEUITestsLaunchTests.swift */; };
/* End PBXBuildFile section */

/* Begin PBXContainerItemProxy section */
		EBAB3EF92BDC4C1A00C3EA57 /* PBXContainerItemProxy */ = {
			isa = PBXContainerItemProxy;
			containerPortal = EBAB3EE02BDC4C1900C3EA57 /* Project object */;
			proxyType = 1;
			remoteGlobalIDString = EBAB3EE72BDC4C1900C3EA57;
			remoteInfo = senseMEE;
		};
		EBAB3F032BDC4C1A00C3EA57 /* PBXContainerItemProxy */ = {
			isa = PBXContainerItemProxy;
			containerPortal = EBAB3EE02BDC4C1900C3EA57 /* Project object */;
			proxyType = 1;
			remoteGlobalIDString = EBAB3EE72BDC4C1900C3EA57;
			remoteInfo = senseMEE;
		};
/* End PBXContainerItemProxy section */

/* Begin PBXFileReference section */
		EBAB3EE82BDC4C1900C3EA57 /* senseMEE.app */ = {isa = PBXFileReference; explicitFileType = wrapper.application; includeInIndex = 0; path = senseMEE.app; sourceTree = BUILT_PRODUCTS_DIR; };
		EBAB3EEB2BDC4C1900C3EA57 /* senseMEEApp.swift */ = {isa = PBXFileReference; lastKnownFileType = sourcecode.swift; path = senseMEEApp.swift; sourceTree = "<group>"; };
		EBAB3EED2BDC4C1900C3EA57 /* ContentView.swift */ = {isa = PBXFileReference; lastKnownFileType = sourcecode.swift; path = ContentView.swift; sourceTree = "<group>"; };
		EBAB3EEF2BDC4C1A00C3EA57 /* Assets.xcassets */ = {isa = PBXFileReference; lastKnownFileType = folder.assetcatalog; path = Assets.xcassets; sourceTree = "<group>"; };
		EBAB3EF22BDC4C1A00C3EA57 /* Preview Assets.xcassets */ = {isa = PBXFileReference; lastKnownFileType = folder.assetcatalog; path = "Preview Assets.xcassets"; sourceTree = "<group>"; };
		EBAB3EF82BDC4C1A00C3EA57 /* senseMEETests.xctest */ = {isa = PBXFileReference; explicitFileType = wrapper.cfbundle; includeInIndex = 0; path = senseMEETests.xctest; sourceTree = BUILT_PRODUCTS_DIR; };
		EBAB3EFC2BDC4C1A00C3EA57 /* senseMEETests.swift */ = {isa = PBXFileReference; lastKnownFileType = sourcecode.swift; path = senseMEETests.swift; sourceTree = "<group>"; };
		EBAB3F022BDC4C1A00C3EA57 /* senseMEEUITests.xctest */ = {isa = PBXFileReference; explicitFileType = wrapper.cfbundle; includeInIndex = 0; path = senseMEEUITests.xctest; sourceTree = BUILT_PRODUCTS_DIR; };
		EBAB3F062BDC4C1A00C3EA57 /* senseMEEUITests.swift */ = {isa = PBXFileReference; lastKnownFileType = sourcecode.swift; path = senseMEEUITests.swift; sourceTree = "<group>"; };
		EBAB3F082BDC4C1A00C3EA57 /* senseMEEUITestsLaunchTests.swift */ = {isa = PBXFileReference; lastKnownFileType = sourcecode.swift; path = senseMEEUITestsLaunchTests.swift; sourceTree = "<group>"; };
/* End PBXFileReference section */

/* Begin PBXFrameworksBuildPhase section */
		EBAB3EE52BDC4C1900C3EA57 /* Frameworks */ = {
			isa = PBXFrameworksBuildPhase;
			buildActionMask = 2147483647;
			files = (
			);
			runOnlyForDeploymentPostprocessing = 0;
		};
		EBAB3EF52BDC4C1A00C3EA57 /* Frameworks */ = {
			isa = PBXFrameworksBuildPhase;
			buildActionMask = 2147483647;
			files = (
			);
			runOnlyForDeploymentPostprocessing = 0;
		};
		EBAB3EFF2BDC4C1A00C3EA57 /* Frameworks */ = {
			isa = PBXFrameworksBuildPhase;
			buildActionMask = 2147483647;
			files = (
			);
			runOnlyForDeploymentPostprocessing = 0;
		};
/* End PBXFrameworksBuildPhase section */

/* Begin PBXGroup section */
		EBAB3EDF2BDC4C1900C3EA57 = {
			isa = PBXGroup;
			children = (
				EBAB3EEA2BDC4C1900C3EA57 /* senseMEE */,
				EBAB3EFB2BDC4C1A00C3EA57 /* senseMEETests */,
				EBAB3F052BDC4C1A00C3EA57 /* senseMEEUITests */,
				EBAB3EE92BDC4C1900C3EA57 /* Products */,
			);
			sourceTree = "<group>";
		};
		EBAB3EE92BDC4C1900C3EA57 /* Products */ = {
			isa = PBXGroup;
			children = (
				EBAB3EE82BDC4C1900C3EA57 /* senseMEE.app */,
				EBAB3EF82BDC4C1A00C3EA57 /* senseMEETests.xctest */,
				EBAB3F022BDC4C1A00C3EA57 /* senseMEEUITests.xctest */,
			);
			name = Products;
			sourceTree = "<group>";
		};
		EBAB3EEA2BDC4C1900C3EA57 /* senseMEE */ = {
			isa = PBXGroup;
			children = (
				EBAB3EEB2BDC4C1900C3EA57 /* senseMEEApp.swift */,
				EBAB3EED2BDC4C1900C3EA57 /* ContentView.swift */,
				EBAB3EEF2BDC4C1A00C3EA57 /* Assets.xcassets */,
				EBAB3EF12BDC4C1A00C3EA57 /* Preview Content */,
			);
			path = senseMEE;
			sourceTree = "<group>";
		};
		EBAB3EF12BDC4C1A00C3EA57 /* Preview Content */ = {
			isa = PBXGroup;
			children = (
				EBAB3EF22BDC4C1A00C3EA57 /* Preview Assets.xcassets */,
			);
			path = "Preview Content";
			sourceTree = "<group>";
		};
		EBAB3EFB2BDC4C1A00C3EA57 /* senseMEETests */ = {
			isa = PBXGroup;
			children = (
				EBAB3EFC2BDC4C1A00C3EA57 /* senseMEETests.swift */,
			);
			path = senseMEETests;
			sourceTree = "<group>";
		};
		EBAB3F052BDC4C1A00C3EA57 /* senseMEEUITests */ = {
			isa = PBXGroup;
			children = (
				EBAB3F062BDC4C1A00C3EA57 /* senseMEEUITests.swift */,
				EBAB3F082BDC4C1A00C3EA57 /* senseMEEUITestsLaunchTests.swift */,
			);
			path = senseMEEUITests;
			sourceTree = "<group>";
		};
/* End PBXGroup section */

/* Begin PBXNativeTarget section */
		EBAB3EE72BDC4C1900C3EA57 /* senseMEE */ = {
			isa = PBXNativeTarget;
			buildConfigurationList = EBAB3F0C2BDC4C1A00C3EA57 /* Build configuration list for PBXNativeTarget "senseMEE" */;
			buildPhases = (
				EBAB3EE42BDC4C1900C3EA57 /* Sources */,
				EBAB3EE52BDC4C1900C3EA57 /* Frameworks */,
				EBAB3EE62BDC4C1900C3EA57 /* Resources */,
			);
			buildRules = (
			);
			dependencies = (
			);
			name = senseMEE;
			productName = senseMEE;
			productReference = EBAB3EE82BDC4C1900C3EA57 /* senseMEE.app */;
			productType = "com.apple.product-type.application";
		};
		EBAB3EF72BDC4C1A00C3EA57 /* senseMEETests */ = {
			isa = PBXNativeTarget;
			buildConfigurationList = EBAB3F0F2BDC4C1A00C3EA57 /* Build configuration list for PBXNativeTarget "senseMEETests" */;
			buildPhases = (
				EBAB3EF42BDC4C1A00C3EA57 /* Sources */,
				EBAB3EF52BDC4C1A00C3EA57 /* Frameworks */,
				EBAB3EF62BDC4C1A00C3EA57 /* Resources */,
			);
			buildRules = (
			);
			dependencies = (
				EBAB3EFA2BDC4C1A00C3EA57 /* PBXTargetDependency */,
			);
			name = senseMEETests;
			productName = senseMEETests;
			productReference = EBAB3EF82BDC4C1A00C3EA57 /* senseMEETests.xctest */;
			productType = "com.apple.product-type.bundle.unit-test";
		};
		EBAB3F012BDC4C1A00C3EA57 /* senseMEEUITests */ = {
			isa = PBXNativeTarget;
			buildConfigurationList = EBAB3F122BDC4C1A00C3EA57 /* Build configuration list for PBXNativeTarget "senseMEEUITests" */;
			buildPhases = (
				EBAB3EFE2BDC4C1A00C3EA57 /* Sources */,
				EBAB3EFF2BDC4C1A00C3EA57 /* Frameworks */,
				EBAB3F002BDC4C1A00C3EA57 /* Resources */,
			);
			buildRules = (
			);
			dependencies = (
				EBAB3F042BDC4C1A00C3EA57 /* PBXTargetDependency */,
			);
			name = senseMEEUITests;
			productName = senseMEEUITests;
			productReference = EBAB3F022BDC4C1A00C3EA57 /* senseMEEUITests.xctest */;
			productType = "com.apple.product-type.bundle.ui-testing";
		};
/* End PBXNativeTarget section */

/* Begin PBXProject section */
		EBAB3EE02BDC4C1900C3EA57 /* Project object */ = {
			isa = PBXProject;
			attributes = {
				BuildIndependentTargetsInParallel = 1;
				LastSwiftUpdateCheck = 1530;
				LastUpgradeCheck = 1530;
				TargetAttributes = {
					EBAB3EE72BDC4C1900C3EA57 = {
						CreatedOnToolsVersion = 15.3;
					};
					EBAB3EF72BDC4C1A00C3EA57 = {
						CreatedOnToolsVersion = 15.3;
						TestTargetID = EBAB3EE72BDC4C1900C3EA57;
					};
					EBAB3F012BDC4C1A00C3EA57 = {
						CreatedOnToolsVersion = 15.3;
						TestTargetID = EBAB3EE72BDC4C1900C3EA57;
					};
				};
			};
			buildConfigurationList = EBAB3EE32BDC4C1900C3EA57 /* Build configuration list for PBXProject "senseMEE" */;
			compatibilityVersion = "Xcode 14.0";
			developmentRegion = en;
			hasScannedForEncodings = 0;
			knownRegions = (
				en,
				Base,
			);
			mainGroup = EBAB3EDF2BDC4C1900C3EA57;
			productRefGroup = EBAB3EE92BDC4C1900C3EA57 /* Products */;
			projectDirPath = "";
			projectRoot = "";
			targets = (
				EBAB3EE72BDC4C1900C3EA57 /* senseMEE */,
				EBAB3EF72BDC4C1A00C3EA57 /* senseMEETests */,
				EBAB3F012BDC4C1A00C3EA57 /* senseMEEUITests */,
			);
		};
/* End PBXProject section */

/* Begin PBXResourcesBuildPhase section */
		EBAB3EE62BDC4C1900C3EA57 /* Resources */ = {
			isa = PBXResourcesBuildPhase;
			buildActionMask = 2147483647;
			files = (
				EBAB3EF32BDC4C1A00C3EA57 /* Preview Assets.xcassets in Resources */,
				EBAB3EF02BDC4C1A00C3EA57 /* Assets.xcassets in Resources */,
			);
			runOnlyForDeploymentPostprocessing = 0;
		};
		EBAB3EF62BDC4C1A00C3EA57 /* Resources */ = {
			isa = PBXResourcesBuildPhase;
			buildActionMask = 2147483647;
			files = (
			);
			runOnlyForDeploymentPostprocessing = 0;
		};
		EBAB3F002BDC4C1A00C3EA57 /* Resources */ = {
			isa = PBXResourcesBuildPhase;
			buildActionMask = 2147483647;
			files = (
			);
			runOnlyForDeploymentPostprocessing = 0;
		};
/* End PBXResourcesBuildPhase section */

/* Begin PBXSourcesBuildPhase section */
		EBAB3EE42BDC4C1900C3EA57 /* Sources */ = {
			isa = PBXSourcesBuildPhase;
			buildActionMask = 2147483647;
			files = (
				EBAB3EEE2BDC4C1900C3EA57 /* ContentView.swift in Sources */,
				EBAB3EEC2BDC4C1900C3EA57 /* senseMEEApp.swift in Sources */,
			);
			runOnlyForDeploymentPostprocessing = 0;
		};
		EBAB3EF42BDC4C1A00C3EA57 /* Sources */ = {
			isa = PBXSourcesBuildPhase;
			buildActionMask = 2147483647;
			files = (
				EBAB3EFD2BDC4C1A00C3EA57 /* senseMEETests.swift in Sources */,
			);
			runOnlyForDeploymentPostprocessing = 0;
		};
		EBAB3EFE2BDC4C1A00C3EA57 /* Sources */ = {
			isa = PBXSourcesBuildPhase;
			buildActionMask = 2147483647;
			files = (
				EBAB3F092BDC4C1A00C3EA57 /* senseMEEUITestsLaunchTests.swift in Sources */,
				EBAB3F072BDC4C1A00C3EA57 /* senseMEEUITests.swift in Sources */,
			);
			runOnlyForDeploymentPostprocessing = 0;
		};
/* End PBXSourcesBuildPhase section */

/* Begin PBXTargetDependency section */
		EBAB3EFA2BDC4C1A00C3EA57 /* PBXTargetDependency */ = {
			isa = PBXTargetDependency;
			target = EBAB3EE72BDC4C1900C3EA57 /* senseMEE */;
			targetProxy = EBAB3EF92BDC4C1A00C3EA57 /* PBXContainerItemProxy */;
		};
		EBAB3F042BDC4C1A00C3EA57 /* PBXTargetDependency */ = {
			isa = PBXTargetDependency;
			target = EBAB3EE72BDC4C1900C3EA57 /* senseMEE */;
			targetProxy = EBAB3F032BDC4C1A00C3EA57 /* PBXContainerItemProxy */;
		};
/* End PBXTargetDependency section */

/* Begin XCBuildConfiguration section */
		EBAB3F0A2BDC4C1A00C3EA57 /* Debug */ = {
			isa = XCBuildConfiguration;
			buildSettings = {
				ALWAYS_SEARCH_USER_PATHS = NO;
				ASSETCATALOG_COMPILER_GENERATE_SWIFT_ASSET_SYMBOL_EXTENSIONS = YES;
				CLANG_ANALYZER_NONNULL = YES;
				CLANG_ANALYZER_NUMBER_OBJECT_CONVERSION = YES_AGGRESSIVE;
				CLANG_CXX_LANGUAGE_STANDARD = "gnu++20";
				CLANG_ENABLE_MODULES = YES;
				CLANG_ENABLE_OBJC_ARC = YES;
				CLANG_ENABLE_OBJC_WEAK = YES;
				CLANG_WARN_BLOCK_CAPTURE_AUTORELEASING = YES;
				CLANG_WARN_BOOL_CONVERSION = YES;
				CLANG_WARN_COMMA = YES;
				CLANG_WARN_CONSTANT_CONVERSION = YES;
				CLANG_WARN_DEPRECATED_OBJC_IMPLEMENTATIONS = YES;
				CLANG_WARN_DIRECT_OBJC_ISA_USAGE = YES_ERROR;
				CLANG_WARN_DOCUMENTATION_COMMENTS = YES;
				CLANG_WARN_EMPTY_BODY = YES;
				CLANG_WARN_ENUM_CONVERSION = YES;
				CLANG_WARN_INFINITE_RECURSION = YES;
				CLANG_WARN_INT_CONVERSION = YES;
				CLANG_WARN_NON_LITERAL_NULL_CONVERSION = YES;
				CLANG_WARN_OBJC_IMPLICIT_RETAIN_SELF = YES;
				CLANG_WARN_OBJC_LITERAL_CONVERSION = YES;
				CLANG_WARN_OBJC_ROOT_CLASS = YES_ERROR;
				CLANG_WARN_QUOTED_INCLUDE_IN_FRAMEWORK_HEADER = YES;
				CLANG_WARN_RANGE_LOOP_ANALYSIS = YES;
				CLANG_WARN_STRICT_PROTOTYPES = YES;
				CLANG_WARN_SUSPICIOUS_MOVE = YES;
				CLANG_WARN_UNGUARDED_AVAILABILITY = YES_AGGRESSIVE;
				CLANG_WARN_UNREACHABLE_CODE = YES;
				CLANG_WARN__DUPLICATE_METHOD_MATCH = YES;
				COPY_PHASE_STRIP = NO;
				DEBUG_INFORMATION_FORMAT = dwarf;
				ENABLE_STRICT_OBJC_MSGSEND = YES;
				ENABLE_TESTABILITY = YES;
				ENABLE_USER_SCRIPT_SANDBOXING = YES;
				GCC_C_LANGUAGE_STANDARD = gnu17;
				GCC_DYNAMIC_NO_PIC = NO;
				GCC_NO_COMMON_BLOCKS = YES;
				GCC_OPTIMIZATION_LEVEL = 0;
				GCC_PREPROCESSOR_DEFINITIONS = (
					"DEBUG=1",
					"$(inherited)",
				);
				GCC_WARN_64_TO_32_BIT_CONVERSION = YES;
				GCC_WARN_ABOUT_RETURN_TYPE = YES_ERROR;
				GCC_WARN_UNDECLARED_SELECTOR = YES;
				GCC_WARN_UNINITIALIZED_AUTOS = YES_AGGRESSIVE;
				GCC_WARN_UNUSED_FUNCTION = YES;
				GCC_WARN_UNUSED_VARIABLE = YES;
				IPHONEOS_DEPLOYMENT_TARGET = 17.4;
				LOCALIZATION_PREFERS_STRING_CATALOGS = YES;
				MTL_ENABLE_DEBUG_INFO = INCLUDE_SOURCE;
				MTL_FAST_MATH = YES;
				ONLY_ACTIVE_ARCH = YES;
				SDKROOT = iphoneos;
				SWIFT_ACTIVE_COMPILATION_CONDITIONS = "DEBUG $(inherited)";
				SWIFT_OPTIMIZATION_LEVEL = "-Onone";
			};
			name = Debug;
		};
		EBAB3F0B2BDC4C1A00C3EA57 /* Release */ = {
			isa = XCBuildConfiguration;
			buildSettings = {
				ALWAYS_SEARCH_USER_PATHS = NO;
				ASSETCATALOG_COMPILER_GENERATE_SWIFT_ASSET_SYMBOL_EXTENSIONS = YES;
				CLANG_ANALYZER_NONNULL = YES;
				CLANG_ANALYZER_NUMBER_OBJECT_CONVERSION = YES_AGGRESSIVE;
				CLANG_CXX_LANGUAGE_STANDARD = "gnu++20";
				CLANG_ENABLE_MODULES = YES;
				CLANG_ENABLE_OBJC_ARC = YES;
				CLANG_ENABLE_OBJC_WEAK = YES;
				CLANG_WARN_BLOCK_CAPTURE_AUTORELEASING = YES;
				CLANG_WARN_BOOL_CONVERSION = YES;
				CLANG_WARN_COMMA = YES;
				CLANG_WARN_CONSTANT_CONVERSION = YES;
				CLANG_WARN_DEPRECATED_OBJC_IMPLEMENTATIONS = YES;
				CLANG_WARN_DIRECT_OBJC_ISA_USAGE = YES_ERROR;
				CLANG_WARN_DOCUMENTATION_COMMENTS = YES;
				CLANG_WARN_EMPTY_BODY = YES;
				CLANG_WARN_ENUM_CONVERSION = YES;
				CLANG_WARN_INFINITE_RECURSION = YES;
				CLANG_WARN_INT_CONVERSION = YES;
				CLANG_WARN_NON_LITERAL_NULL_CONVERSION = YES;
				CLANG_WARN_OBJC_IMPLICIT_RETAIN_SELF = YES;
				CLANG_WARN_OBJC_LITERAL_CONVERSION = YES;
				CLANG_WARN_OBJC_ROOT_CLASS = YES_ERROR;
				CLANG_WARN_QUOTED_INCLUDE_IN_FRAMEWORK_HEADER = YES;
				CLANG_WARN_RANGE_LOOP_ANALYSIS = YES;
				CLANG_WARN_STRICT_PROTOTYPES = YES;
				CLANG_WARN_SUSPICIOUS_MOVE = YES;
				CLANG_WARN_UNGUARDED_AVAILABILITY = YES_AGGRESSIVE;
				CLANG_WARN_UNREACHABLE_CODE = YES;
				CLANG_WARN__DUPLICATE_METHOD_MATCH = YES;
				COPY_PHASE_STRIP = NO;
				DEBUG_INFORMATION_FORMAT = "dwarf-with-dsym";
				ENABLE_NS_ASSERTIONS = NO;
				ENABLE_STRICT_OBJC_MSGSEND = YES;
				ENABLE_USER_SCRIPT_SANDBOXING = YES;
				GCC_C_LANGUAGE_STANDARD = gnu17;
				GCC_NO_COMMON_BLOCKS = YES;
				GCC_WARN_64_TO_32_BIT_CONVERSION = YES;
				GCC_WARN_ABOUT_RETURN_TYPE = YES_ERROR;
				GCC_WARN_UNDECLARED_SELECTOR = YES;
				GCC_WARN_UNINITIALIZED_AUTOS = YES_AGGRESSIVE;
				GCC_WARN_UNUSED_FUNCTION = YES;
				GCC_WARN_UNUSED_VARIABLE = YES;
				IPHONEOS_DEPLOYMENT_TARGET = 17.4;
				LOCALIZATION_PREFERS_STRING_CATALOGS = YES;
				MTL_ENABLE_DEBUG_INFO = NO;
				MTL_FAST_MATH = YES;
				SDKROOT = iphoneos;
				SWIFT_COMPILATION_MODE = wholemodule;
				VALIDATE_PRODUCT = YES;
			};
			name = Release;
		};
		EBAB3F0D2BDC4C1A00C3EA57 /* Debug */ = {
			isa = XCBuildConfiguration;
			buildSettings = {
				ASSETCATALOG_COMPILER_APPICON_NAME = AppIcon;
				ASSETCATALOG_COMPILER_GLOBAL_ACCENT_COLOR_NAME = AccentColor;
				CODE_SIGN_STYLE = Automatic;
				CURRENT_PROJECT_VERSION = 1;
				DEVELOPMENT_ASSET_PATHS = "\"senseMEE/Preview Content\"";
				ENABLE_PREVIEWS = YES;
				GENERATE_INFOPLIST_FILE = YES;
				INFOPLIST_KEY_UIApplicationSceneManifest_Generation = YES;
				INFOPLIST_KEY_UIApplicationSupportsIndirectInputEvents = YES;
				INFOPLIST_KEY_UILaunchScreen_Generation = YES;
				INFOPLIST_KEY_UISupportedInterfaceOrientations_iPad = "UIInterfaceOrientationPortrait UIInterfaceOrientationPortraitUpsideDown UIInterfaceOrientationLandscapeLeft UIInterfaceOrientationLandscapeRight";
				INFOPLIST_KEY_UISupportedInterfaceOrientations_iPhone = "UIInterfaceOrientationPortrait UIInterfaceOrientationLandscapeLeft UIInterfaceOrientationLandscapeRight";
				LD_RUNPATH_SEARCH_PATHS = (
					"$(inherited)",
					"@executable_path/Frameworks",
				);
				MARKETING_VERSION = 1.0;
				PRODUCT_BUNDLE_IDENTIFIER = uchicago.senseMEE;
				PRODUCT_NAME = "$(TARGET_NAME)";
				SWIFT_EMIT_LOC_STRINGS = YES;
				SWIFT_VERSION = 5.0;
				TARGETED_DEVICE_FAMILY = "1,2";
			};
			name = Debug;
		};
		EBAB3F0E2BDC4C1A00C3EA57 /* Release */ = {
			isa = XCBuildConfiguration;
			buildSettings = {
				ASSETCATALOG_COMPILER_APPICON_NAME = AppIcon;
				ASSETCATALOG_COMPILER_GLOBAL_ACCENT_COLOR_NAME = AccentColor;
				CODE_SIGN_STYLE = Automatic;
				CURRENT_PROJECT_VERSION = 1;
				DEVELOPMENT_ASSET_PATHS = "\"senseMEE/Preview Content\"";
				ENABLE_PREVIEWS = YES;
				GENERATE_INFOPLIST_FILE = YES;
				INFOPLIST_KEY_UIApplicationSceneManifest_Generation = YES;
				INFOPLIST_KEY_UIApplicationSupportsIndirectInputEvents = YES;
				INFOPLIST_KEY_UILaunchScreen_Generation = YES;
				INFOPLIST_KEY_UISupportedInterfaceOrientations_iPad = "UIInterfaceOrientationPortrait UIInterfaceOrientationPortraitUpsideDown UIInterfaceOrientationLandscapeLeft UIInterfaceOrientationLandscapeRight";
				INFOPLIST_KEY_UISupportedInterfaceOrientations_iPhone = "UIInterfaceOrientationPortrait UIInterfaceOrientationLandscapeLeft UIInterfaceOrientationLandscapeRight";
				LD_RUNPATH_SEARCH_PATHS = (
					"$(inherited)",
					"@executable_path/Frameworks",
				);
				MARKETING_VERSION = 1.0;
				PRODUCT_BUNDLE_IDENTIFIER = uchicago.senseMEE;
				PRODUCT_NAME = "$(TARGET_NAME)";
				SWIFT_EMIT_LOC_STRINGS = YES;
				SWIFT_VERSION = 5.0;
				TARGETED_DEVICE_FAMILY = "1,2";
			};
			name = Release;
		};
		EBAB3F102BDC4C1A00C3EA57 /* Debug */ = {
			isa = XCBuildConfiguration;
			buildSettings = {
				ALWAYS_EMBED_SWIFT_STANDARD_LIBRARIES = YES;
				BUNDLE_LOADER = "$(TEST_HOST)";
				CODE_SIGN_STYLE = Automatic;
				CURRENT_PROJECT_VERSION = 1;
				GENERATE_INFOPLIST_FILE = YES;
				IPHONEOS_DEPLOYMENT_TARGET = 17.4;
				MARKETING_VERSION = 1.0;
				PRODUCT_BUNDLE_IDENTIFIER = uchicago.senseMEETests;
				PRODUCT_NAME = "$(TARGET_NAME)";
				SWIFT_EMIT_LOC_STRINGS = NO;
				SWIFT_VERSION = 5.0;
				TARGETED_DEVICE_FAMILY = "1,2";
				TEST_HOST = "$(BUILT_PRODUCTS_DIR)/senseMEE.app/$(BUNDLE_EXECUTABLE_FOLDER_PATH)/senseMEE";
			};
			name = Debug;
		};
		EBAB3F112BDC4C1A00C3EA57 /* Release */ = {
			isa = XCBuildConfiguration;
			buildSettings = {
				ALWAYS_EMBED_SWIFT_STANDARD_LIBRARIES = YES;
				BUNDLE_LOADER = "$(TEST_HOST)";
				CODE_SIGN_STYLE = Automatic;
				CURRENT_PROJECT_VERSION = 1;
				GENERATE_INFOPLIST_FILE = YES;
				IPHONEOS_DEPLOYMENT_TARGET = 17.4;
				MARKETING_VERSION = 1.0;
				PRODUCT_BUNDLE_IDENTIFIER = uchicago.senseMEETests;
				PRODUCT_NAME = "$(TARGET_NAME)";
				SWIFT_EMIT_LOC_STRINGS = NO;
				SWIFT_VERSION = 5.0;
				TARGETED_DEVICE_FAMILY = "1,2";
				TEST_HOST = "$(BUILT_PRODUCTS_DIR)/senseMEE.app/$(BUNDLE_EXECUTABLE_FOLDER_PATH)/senseMEE";
			};
			name = Release;
		};
		EBAB3F132BDC4C1A00C3EA57 /* Debug */ = {
			isa = XCBuildConfiguration;
			buildSettings = {
				ALWAYS_EMBED_SWIFT_STANDARD_LIBRARIES = YES;
				CODE_SIGN_STYLE = Automatic;
				CURRENT_PROJECT_VERSION = 1;
				GENERATE_INFOPLIST_FILE = YES;
				MARKETING_VERSION = 1.0;
				PRODUCT_BUNDLE_IDENTIFIER = uchicago.senseMEEUITests;
				PRODUCT_NAME = "$(TARGET_NAME)";
				SWIFT_EMIT_LOC_STRINGS = NO;
				SWIFT_VERSION = 5.0;
				TARGETED_DEVICE_FAMILY = "1,2";
				TEST_TARGET_NAME = senseMEE;
			};
			name = Debug;
		};
		EBAB3F142BDC4C1A00C3EA57 /* Release */ = {
			isa = XCBuildConfiguration;
			buildSettings = {
				ALWAYS_EMBED_SWIFT_STANDARD_LIBRARIES = YES;
				CODE_SIGN_STYLE = Automatic;
				CURRENT_PROJECT_VERSION = 1;
				GENERATE_INFOPLIST_FILE = YES;
				MARKETING_VERSION = 1.0;
				PRODUCT_BUNDLE_IDENTIFIER = uchicago.senseMEEUITests;
				PRODUCT_NAME = "$(TARGET_NAME)";
				SWIFT_EMIT_LOC_STRINGS = NO;
				SWIFT_VERSION = 5.0;
				TARGETED_DEVICE_FAMILY = "1,2";
				TEST_TARGET_NAME = senseMEE;
			};
			name = Release;
		};
/* End XCBuildConfiguration section */

/* Begin XCConfigurationList section */
		EBAB3EE32BDC4C1900C3EA57 /* Build configuration list for PBXProject "senseMEE" */ = {
			isa = XCConfigurationList;
			buildConfigurations = (
				EBAB3F0A2BDC4C1A00C3EA57 /* Debug */,
				EBAB3F0B2BDC4C1A00C3EA57 /* Release */,
			);
			defaultConfigurationIsVisible = 0;
			defaultConfigurationName = Release;
		};
		EBAB3F0C2BDC4C1A00C3EA57 /* Build configuration list for PBXNativeTarget "senseMEE" */ = {
			isa = XCConfigurationList;
			buildConfigurations = (
				EBAB3F0D2BDC4C1A00C3EA57 /* Debug */,
				EBAB3F0E2BDC4C1A00C3EA57 /* Release */,
			);
			defaultConfigurationIsVisible = 0;
			defaultConfigurationName = Release;
		};
		EBAB3F0F2BDC4C1A00C3EA57 /* Build configuration list for PBXNativeTarget "senseMEETests" */ = {
			isa = XCConfigurationList;
			buildConfigurations = (
				EBAB3F102BDC4C1A00C3EA57 /* Debug */,
				EBAB3F112BDC4C1A00C3EA57 /* Release */,
			);
			defaultConfigurationIsVisible = 0;
			defaultConfigurationName = Release;
		};
		EBAB3F122BDC4C1A00C3EA57 /* Build configuration list for PBXNativeTarget "senseMEEUITests" */ = {
			isa = XCConfigurationList;
			buildConfigurations = (
				EBAB3F132BDC4C1A00C3EA57 /* Debug */,
				EBAB3F142BDC4C1A00C3EA57 /* Release */,
			);
			defaultConfigurationIsVisible = 0;
			defaultConfigurationName = Release;
		};
/* End XCConfigurationList section */
	};
	rootObject = EBAB3EE02BDC4C1900C3EA57 /* Project object */;
}
